
Microsoft Visual Studio Solution File, Format Version 12.00
# Visual Studio Version 18
VisualStudioVersion = 18.5.11723.231 stable
MinimumVisualStudioVersion = 10.0.40219.1
Project("{F184B08F-C81C-45F6-A57F-5ABD9991F28F}") = "FINALS_nepoCoders_IT_ELEC", "..\..\..\FINALS IT ELEC\FINALS_nepoCoders_IT_ELEC\FINALS_nepoCoders_IT_ELEC\FINALS_nepoCoders_IT_ELEC.vbproj", "{631474C6-66F3-48C3-B0A2-1E018B09D5D9}"
EndProject
Global
	GlobalSection(SolutionConfigurationPlatforms) = preSolution
		Debug|Any CPU = Debug|Any CPU
		Release|Any CPU = Release|Any CPU
	EndGlobalSection
	GlobalSection(ProjectConfigurationPlatforms) = postSolution
		{631474C6-66F3-48C3-B0A2-1E018B09D5D9}.Debug|Any CPU.ActiveCfg = Debug|Any CPU
		{631474C6-66F3-48C3-B0A2-1E018B09D5D9}.Debug|Any CPU.Build.0 = Debug|Any CPU
		{631474C6-66F3-48C3-B0A2-1E018B09D5D9}.Release|Any CPU.ActiveCfg = Release|Any CPU
		{631474C6-66F3-48C3-B0A2-1E018B09D5D9}.Release|Any CPU.Build.0 = Release|Any CPU
	EndGlobalSection
	GlobalSection(SolutionProperties) = preSolution
		HideSolutionNode = FALSE
	EndGlobalSection
	GlobalSection(ExtensibilityGlobals) = postSolution
		SolutionGuid = {F09FE2CD-E4D1-42CC-A120-9B364CDF831F}
	EndGlobalSection
EndGlobal
